
Microsoft Visual Studio Solution File, Format Version 12.00
# Visual Studio Version 17
VisualStudioVersion = 17.9.34616.47
MinimumVisualStudioVersion = 10.0.40219.1
Project("{FAE04EC0-301F-11D3-BF4B-00C04F79EFBC}") = "Villa.WebUi", "Villa.WebUi\Villa.WebUi.csproj", "{CEE1FAEC-F54E-4067-8472-E8B012511461}"
EndProject
Project("{FAE04EC0-301F-11D3-BF4B-00C04F79EFBC}") = "Villa.Entity", "Villa.Entity\Villa.Entity.csproj", "{D59EFACA-8635-4B16-B857-7CD35A46A127}"
EndProject
Project("{FAE04EC0-301F-11D3-BF4B-00C04F79EFBC}") = "Villa.DataAccess", "Villa.DataaAccess\Villa.DataAccess.csproj", "{6C28A12D-73A5-4A21-A865-24F68F6746FF}"
EndProject
Project("{FAE04EC0-301F-11D3-BF4B-00C04F79EFBC}") = "Villa.Business", "Villa.Business\Villa.Business.csproj", "{165C21C0-EC5E-4B15-AE3F-C62921BA5FD2}"
EndProject
Project("{FAE04EC0-301F-11D3-BF4B-00C04F79EFBC}") = "Villa.Dto", "Villa.Dto\Villa.Dto.csproj", "{DA38BDE2-218D-492A-960A-2A54FB405648}"
EndProject
Global
	GlobalSection(SolutionConfigurationPlatforms) = preSolution
		Debug|Any CPU = Debug|Any CPU
		Release|Any CPU = Release|Any CPU
	EndGlobalSection
	GlobalSection(ProjectConfigurationPlatforms) = postSolution
		{CEE1FAEC-F54E-4067-8472-E8B012511461}.Debug|Any CPU.ActiveCfg = Debug|Any CPU
		{CEE1FAEC-F54E-4067-8472-E8B012511461}.Debug|Any CPU.Build.0 = Debug|Any CPU
		{CEE1FAEC-F54E-4067-8472-E8B012511461}.Release|Any CPU.ActiveCfg = Release|Any CPU
		{CEE1FAEC-F54E-4067-8472-E8B012511461}.Release|Any CPU.Build.0 = Release|Any CPU
		{D59EFACA-8635-4B16-B857-7CD35A46A127}.Debug|Any CPU.ActiveCfg = Debug|Any CPU
		{D59EFACA-8635-4B16-B857-7CD35A46A127}.Debug|Any CPU.Build.0 = Debug|Any CPU
		{D59EFACA-8635-4B16-B857-7CD35A46A127}.Release|Any CPU.ActiveCfg = Release|Any CPU
		{D59EFACA-8635-4B16-B857-7CD35A46A127}.Release|Any CPU.Build.0 = Release|Any CPU
		{6C28A12D-73A5-4A21-A865-24F68F6746FF}.Debug|Any CPU.ActiveCfg = Debug|Any CPU
		{6C28A12D-73A5-4A21-A865-24F68F6746FF}.Debug|Any CPU.Build.0 = Debug|Any CPU
		{6C28A12D-73A5-4A21-A865-24F68F6746FF}.Release|Any CPU.ActiveCfg = Release|Any CPU
		{6C28A12D-73A5-4A21-A865-24F68F6746FF}.Release|Any CPU.Build.0 = Release|Any CPU
		{165C21C0-EC5E-4B15-AE3F-C62921BA5FD2}.Debug|Any CPU.ActiveCfg = Debug|Any CPU
		{165C21C0-EC5E-4B15-AE3F-C62921BA5FD2}.Debug|Any CPU.Build.0 = Debug|Any CPU
		{165C21C0-EC5E-4B15-AE3F-C62921BA5FD2}.Release|Any CPU.ActiveCfg = Release|Any CPU
		{165C21C0-EC5E-4B15-AE3F-C62921BA5FD2}.Release|Any CPU.Build.0 = Release|Any CPU
		{DA38BDE2-218D-492A-960A-2A54FB405648}.Debug|Any CPU.ActiveCfg = Debug|Any CPU
		{DA38BDE2-218D-492A-960A-2A54FB405648}.Debug|Any CPU.Build.0 = Debug|Any CPU
		{DA38BDE2-218D-492A-960A-2A54FB405648}.Release|Any CPU.ActiveCfg = Release|Any CPU
		{DA38BDE2-218D-492A-960A-2A54FB405648}.Release|Any CPU.Build.0 = Release|Any CPU
	EndGlobalSection
	GlobalSection(SolutionProperties) = preSolution
		HideSolutionNode = FALSE
	EndGlobalSection
	GlobalSection(ExtensibilityGlobals) = postSolution
		SolutionGuid = {A23876D3-CB83-4010-A15E-1FC77282923F}
	EndGlobalSection
EndGlobal
